
Microsoft Visual Studio Solution File, Format Version 12.00
# Visual Studio Version 16
VisualStudioVersion = 16.0.29209.62
MinimumVisualStudioVersion = 10.0.40219.1
Project("{FAE04EC0-301F-11D3-BF4B-00C04F79EFBC}") = "CropBoxTestApp", "CropBoxTestApp\CropBoxTestApp.csproj", "{EC51A550-1D03-4334-A454-1EAD58E4C2F0}"
EndProject
Project("{FAE04EC0-301F-11D3-BF4B-00C04F79EFBC}") = "CropBox", "CropBox\CropBox.csproj", "{FBA760EB-862A-42DE-8436-0A971F77A948}"
EndProject
Global
	GlobalSection(SolutionConfigurationPlatforms) = preSolution
		Debug|Any CPU = Debug|Any CPU
		Release|Any CPU = Release|Any CPU
	EndGlobalSection
	GlobalSection(ProjectConfigurationPlatforms) = postSolution
		{EC51A550-1D03-4334-A454-1EAD58E4C2F0}.Debug|Any CPU.ActiveCfg = Debug|Any CPU
		{EC51A550-1D03-4334-A454-1EAD58E4C2F0}.Debug|Any CPU.Build.0 = Debug|Any CPU
		{EC51A550-1D03-4334-A454-1EAD58E4C2F0}.Release|Any CPU.ActiveCfg = Release|Any CPU
		{EC51A550-1D03-4334-A454-1EAD58E4C2F0}.Release|Any CPU.Build.0 = Release|Any CPU
		{FBA760EB-862A-42DE-8436-0A971F77A948}.Debug|Any CPU.ActiveCfg = Debug|Any CPU
		{FBA760EB-862A-42DE-8436-0A971F77A948}.Debug|Any CPU.Build.0 = Debug|Any CPU
		{FBA760EB-862A-42DE-8436-0A971F77A948}.Release|Any CPU.ActiveCfg = Release|Any CPU
		{FBA760EB-862A-42DE-8436-0A971F77A948}.Release|Any CPU.Build.0 = Release|Any CPU
	EndGlobalSection
	GlobalSection(SolutionProperties) = preSolution
		HideSolutionNode = FALSE
	EndGlobalSection
	GlobalSection(ExtensibilityGlobals) = postSolution
		SolutionGuid = {6F564B64-64C3-40AA-BC86-67521013F982}
	EndGlobalSection
EndGlobal
